// !$*UTF8*$!
{
	archiveVersion = 1;
	classes = {
	};
	objectVersion = 51;
	objects = {

/* Begin PBXBuildFile section */
		6AA2CCBB25628E3800B0DEC4 /* AppDelegate.swift in Sources */ = {isa = PBXBuildFile; fileRef = 6AA2CCBA25628E3800B0DEC4 /* AppDelegate.swift */; };
		6AA2CCBD25628E3800B0DEC4 /* SceneDelegate.swift in Sources */ = {isa = PBXBuildFile; fileRef = 6AA2CCBC25628E3800B0DEC4 /* SceneDelegate.swift */; };
		6AA2CCBF25628E3800B0DEC4 /* ViewController.swift in Sources */ = {isa = PBXBuildFile; fileRef = 6AA2CCBE25628E3800B0DEC4 /* ViewController.swift */; };
		6AA2CCC225628E3800B0DEC4 /* Main.storyboard in Resources */ = {isa = PBXBuildFile; fileRef = 6AA2CCC025628E3800B0DEC4 /* Main.storyboard */; };
		6AA2CCC425628E3F00B0DEC4 /* Assets.xcassets in Resources */ = {isa = PBXBuildFile; fileRef = 6AA2CCC325628E3F00B0DEC4 /* Assets.xcassets */; };
		6AA2CCC725628E3F00B0DEC4 /* LaunchScreen.storyboard in Resources */ = {isa = PBXBuildFile; fileRef = 6AA2CCC525628E3F00B0DEC4 /* LaunchScreen.storyboard */; };
		6AA2CCDC2562A11D00B0DEC4 /* SecondScreenController.swift in Sources */ = {isa = PBXBuildFile; fileRef = 6AA2CCDB2562A11D00B0DEC4 /* SecondScreenController.swift */; };
		6AA2CCDF2562A4E400B0DEC4 /* SelectPictureViewController.swift in Sources */ = {isa = PBXBuildFile; fileRef = 6AA2CCDE2562A4E400B0DEC4 /* SelectPictureViewController.swift */; };
		6AA2CCE22562A59800B0DEC4 /* LoginViewController.swift in Sources */ = {isa = PBXBuildFile; fileRef = 6AA2CCE12562A59800B0DEC4 /* LoginViewController.swift */; };
		6AA2CCE62562B97B00B0DEC4 /* GoogleService-Info.plist in Resources */ = {isa = PBXBuildFile; fileRef = 6AA2CCE52562B97B00B0DEC4 /* GoogleService-Info.plist */; };
		B96B9BF5E2C6A20B1D1B08AA /* Pods_Challenge.framework in Frameworks */ = {isa = PBXBuildFile; fileRef = 8F2775ADAD0BAD579E078151 /* Pods_Challenge.framework */; };
/* End PBXBuildFile section */

/* Begin PBXFileReference section */
		6AA2CCB725628E3800B0DEC4 /* Challenge.app */ = {isa = PBXFileReference; explicitFileType = wrapper.application; includeInIndex = 0; path = Challenge.app; sourceTree = BUILT_PRODUCTS_DIR; };
		6AA2CCBA25628E3800B0DEC4 /* AppDelegate.swift */ = {isa = PBXFileReference; lastKnownFileType = sourcecode.swift; path = AppDelegate.swift; sourceTree = "<group>"; };
		6AA2CCBC25628E3800B0DEC4 /* SceneDelegate.swift */ = {isa = PBXFileReference; lastKnownFileType = sourcecode.swift; path = SceneDelegate.swift; sourceTree = "<group>"; };
		6AA2CCBE25628E3800B0DEC4 /* ViewController.swift */ = {isa = PBXFileReference; lastKnownFileType = sourcecode.swift; path = ViewController.swift; sourceTree = "<group>"; };
		6AA2CCC125628E3800B0DEC4 /* Base */ = {isa = PBXFileReference; lastKnownFileType = file.storyboard; name = Base; path = Base.lproj/Main.storyboard; sourceTree = "<group>"; };
		6AA2CCC325628E3F00B0DEC4 /* Assets.xcassets */ = {isa = PBXFileReference; lastKnownFileType = folder.assetcatalog; path = Assets.xcassets; sourceTree = "<group>"; };
		6AA2CCC625628E3F00B0DEC4 /* Base */ = {isa = PBXFileReference; lastKnownFileType = file.storyboard; name = Base; path = Base.lproj/LaunchScreen.storyboard; sourceTree = "<group>"; };
		6AA2CCC825628E3F00B0DEC4 /* Info.plist */ = {isa = PBXFileReference; lastKnownFileType = text.plist.xml; path = Info.plist; sourceTree = "<group>"; };
		6AA2CCDB2562A11D00B0DEC4 /* SecondScreenController.swift */ = {isa = PBXFileReference; lastKnownFileType = sourcecode.swift; path = SecondScreenController.swift; sourceTree = "<group>"; };
		6AA2CCDE2562A4E400B0DEC4 /* SelectPictureViewController.swift */ = {isa = PBXFileReference; lastKnownFileType = sourcecode.swift; path = SelectPictureViewController.swift; sourceTree = "<group>"; };
		6AA2CCE12562A59800B0DEC4 /* LoginViewController.swift */ = {isa = PBXFileReference; lastKnownFileType = sourcecode.swift; path = LoginViewController.swift; sourceTree = "<group>"; };
		6AA2CCE52562B97B00B0DEC4 /* GoogleService-Info.plist */ = {isa = PBXFileReference; fileEncoding = 4; lastKnownFileType = text.plist.xml; name = "GoogleService-Info.plist"; path = "../../../../Downloads/GoogleService-Info.plist"; sourceTree = "<group>"; };
		8F2775ADAD0BAD579E078151 /* Pods_Challenge.framework */ = {isa = PBXFileReference; explicitFileType = wrapper.framework; includeInIndex = 0; path = Pods_Challenge.framework; sourceTree = BUILT_PRODUCTS_DIR; };
		9D613550E33D300AD67461FB /* Pods-Challenge.debug.xcconfig */ = {isa = PBXFileReference; includeInIndex = 1; lastKnownFileType = text.xcconfig; name = "Pods-Challenge.debug.xcconfig"; path = "Target Support Files/Pods-Challenge/Pods-Challenge.debug.xcconfig"; sourceTree = "<group>"; };
		F622FCB54385F6199D1CA55A /* Pods-Challenge.release.xcconfig */ = {isa = PBXFileReference; includeInIndex = 1; lastKnownFileType = text.xcconfig; name = "Pods-Challenge.release.xcconfig"; path = "Target Support Files/Pods-Challenge/Pods-Challenge.release.xcconfig"; sourceTree = "<group>"; };
/* End PBXFileReference section */

/* Begin PBXFrameworksBuildPhase section */
		6AA2CCB425628E3800B0DEC4 /* Frameworks */ = {
			isa = PBXFrameworksBuildPhase;
			buildActionMask = 2147483647;
			files = (
				B96B9BF5E2C6A20B1D1B08AA /* Pods_Challenge.framework in Frameworks */,
			);
			runOnlyForDeploymentPostprocessing = 0;
		};
/* End PBXFrameworksBuildPhase section */

/* Begin PBXGroup section */
		16D32AF29E33FBAC6B4B320F /* Frameworks */ = {
			isa = PBXGroup;
			children = (
				8F2775ADAD0BAD579E078151 /* Pods_Challenge.framework */,
			);
			name = Frameworks;
			sourceTree = "<group>";
		};
		6AA2CCAE25628E3700B0DEC4 = {
			isa = PBXGroup;
			children = (
				6AA2CCE52562B97B00B0DEC4 /* GoogleService-Info.plist */,
				6AA2CCB925628E3800B0DEC4 /* Challenge */,
				6AA2CCB825628E3800B0DEC4 /* Products */,
				83E147E3BFA2B3A207342E01 /* Pods */,
				16D32AF29E33FBAC6B4B320F /* Frameworks */,
			);
			sourceTree = "<group>";
		};
		6AA2CCB825628E3800B0DEC4 /* Products */ = {
			isa = PBXGroup;
			children = (
				6AA2CCB725628E3800B0DEC4 /* Challenge.app */,
			);
			name = Products;
			sourceTree = "<group>";
		};
		6AA2CCB925628E3800B0DEC4 /* Challenge */ = {
			isa = PBXGroup;
			children = (
				6AA2CCBA25628E3800B0DEC4 /* AppDelegate.swift */,
				6AA2CCBC25628E3800B0DEC4 /* SceneDelegate.swift */,
				6AA2CCBE25628E3800B0DEC4 /* ViewController.swift */,
				6AA2CCDB2562A11D00B0DEC4 /* SecondScreenController.swift */,
				6AA2CCDE2562A4E400B0DEC4 /* SelectPictureViewController.swift */,
				6AA2CCE12562A59800B0DEC4 /* LoginViewController.swift */,
				6AA2CCC025628E3800B0DEC4 /* Main.storyboard */,
				6AA2CCC325628E3F00B0DEC4 /* Assets.xcassets */,
				6AA2CCC525628E3F00B0DEC4 /* LaunchScreen.storyboard */,
				6AA2CCC825628E3F00B0DEC4 /* Info.plist */,
			);
			path = Challenge;
			sourceTree = "<group>";
		};
		83E147E3BFA2B3A207342E01 /* Pods */ = {
			isa = PBXGroup;
			children = (
				9D613550E33D300AD67461FB /* Pods-Challenge.debug.xcconfig */,
				F622FCB54385F6199D1CA55A /* Pods-Challenge.release.xcconfig */,
			);
			path = Pods;
			sourceTree = "<group>";
		};
/* End PBXGroup section */

/* Begin PBXNativeTarget section */
		6AA2CCB625628E3800B0DEC4 /* Challenge */ = {
			isa = PBXNativeTarget;
			buildConfigurationList = 6AA2CCCB25628E3F00B0DEC4 /* Build configuration list for PBXNativeTarget "Challenge" */;
			buildPhases = (
				1B478E81BD0B2B457964F7D7 /* [CP] Check Pods Manifest.lock */,
				6AA2CCB325628E3800B0DEC4 /* Sources */,
				6AA2CCB425628E3800B0DEC4 /* Frameworks */,
				6AA2CCB525628E3800B0DEC4 /* Resources */,
				E2080328CEE799D6CDF11932 /* [CP] Embed Pods Frameworks */,
				0A05472B4C516C56E093BB9A /* [CP] Copy Pods Resources */,
			);
			buildRules = (
			);
			dependencies = (
			);
			name = Challenge;
			productName = Challenge;
			productReference = 6AA2CCB725628E3800B0DEC4 /* Challenge.app */;
			productType = "com.apple.product-type.application";
		};
/* End PBXNativeTarget section */

/* Begin PBXProject section */
		6AA2CCAF25628E3700B0DEC4 /* Project object */ = {
			isa = PBXProject;
			attributes = {
				LastSwiftUpdateCheck = 1220;
				LastUpgradeCheck = 1220;
				TargetAttributes = {
					6AA2CCB625628E3800B0DEC4 = {
						CreatedOnToolsVersion = 12.2;
					};
				};
			};
			buildConfigurationList = 6AA2CCB225628E3800B0DEC4 /* Build configuration list for PBXProject "Challenge" */;
			compatibilityVersion = "Xcode 9.3";
			developmentRegion = en;
			hasScannedForEncodings = 0;
			knownRegions = (
				en,
				Base,
			);
			mainGroup = 6AA2CCAE25628E3700B0DEC4;
			productRefGroup = 6AA2CCB825628E3800B0DEC4 /* Products */;
			projectDirPath = "";
			projectRoot = "";
			targets = (
				6AA2CCB625628E3800B0DEC4 /* Challenge */,
			);
		};
/* End PBXProject section */

/* Begin PBXResourcesBuildPhase section */
		6AA2CCB525628E3800B0DEC4 /* Resources */ = {
			isa = PBXResourcesBuildPhase;
			buildActionMask = 2147483647;
			files = (
				6AA2CCC725628E3F00B0DEC4 /* LaunchScreen.storyboard in Resources */,
				6AA2CCE62562B97B00B0DEC4 /* GoogleService-Info.plist in Resources */,
				6AA2CCC425628E3F00B0DEC4 /* Assets.xcassets in Resources */,
				6AA2CCC225628E3800B0DEC4 /* Main.storyboard in Resources */,
			);
			runOnlyForDeploymentPostprocessing = 0;
		};
/* End PBXResourcesBuildPhase section */

/* Begin PBXShellScriptBuildPhase section */
		0A05472B4C516C56E093BB9A /* [CP] Copy Pods Resources */ = {
			isa = PBXShellScriptBuildPhase;
			buildActionMask = 2147483647;
			files = (
			);
			inputFileListPaths = (
				"${PODS_ROOT}/Target Support Files/Pods-Challenge/Pods-Challenge-resources-${CONFIGURATION}-input-files.xcfilelist",
			);
			name = "[CP] Copy Pods Resources";
			outputFileListPaths = (
				"${PODS_ROOT}/Target Support Files/Pods-Challenge/Pods-Challenge-resources-${CONFIGURATION}-output-files.xcfilelist",
			);
			runOnlyForDeploymentPostprocessing = 0;
			shellPath = /bin/sh;
			shellScript = "\"${PODS_ROOT}/Target Support Files/Pods-Challenge/Pods-Challenge-resources.sh\"\n";
			showEnvVarsInLog = 0;
		};
		1B478E81BD0B2B457964F7D7 /* [CP] Check Pods Manifest.lock */ = {
			isa = PBXShellScriptBuildPhase;
			buildActionMask = 2147483647;
			files = (
			);
			inputFileListPaths = (
			);
			inputPaths = (
				"${PODS_PODFILE_DIR_PATH}/Podfile.lock",
				"${PODS_ROOT}/Manifest.lock",
			);
			name = "[CP] Check Pods Manifest.lock";
			outputFileListPaths = (
			);
			outputPaths = (
				"$(DERIVED_FILE_DIR)/Pods-Challenge-checkManifestLockResult.txt",
			);
			runOnlyForDeploymentPostprocessing = 0;
			shellPath = /bin/sh;
			shellScript = "diff \"${PODS_PODFILE_DIR_PATH}/Podfile.lock\" \"${PODS_ROOT}/Manifest.lock\" > /dev/null\nif [ $? != 0 ] ; then\n    # print error to STDERR\n    echo \"error: The sandbox is not in sync with the Podfile.lock. Run 'pod install' or update your CocoaPods installation.\" >&2\n    exit 1\nfi\n# This output is used by Xcode 'outputs' to avoid re-running this script phase.\necho \"SUCCESS\" > \"${SCRIPT_OUTPUT_FILE_0}\"\n";
			showEnvVarsInLog = 0;
		};
		E2080328CEE799D6CDF11932 /* [CP] Embed Pods Frameworks */ = {
			isa = PBXShellScriptBuildPhase;
			buildActionMask = 2147483647;
			files = (
			);
			inputFileListPaths = (
				"${PODS_ROOT}/Target Support Files/Pods-Challenge/Pods-Challenge-frameworks-${CONFIGURATION}-input-files.xcfilelist",
			);
			name = "[CP] Embed Pods Frameworks";
			outputFileListPaths = (
				"${PODS_ROOT}/Target Support Files/Pods-Challenge/Pods-Challenge-frameworks-${CONFIGURATION}-output-files.xcfilelist",
			);
			runOnlyForDeploymentPostprocessing = 0;
			shellPath = /bin/sh;
			shellScript = "\"${PODS_ROOT}/Target Support Files/Pods-Challenge/Pods-Challenge-frameworks.sh\"\n";
			showEnvVarsInLog = 0;
		};
/* End PBXShellScriptBuildPhase section */

/* Begin PBXSourcesBuildPhase section */
		6AA2CCB325628E3800B0DEC4 /* Sources */ = {
			isa = PBXSourcesBuildPhase;
			buildActionMask = 2147483647;
			files = (
				6AA2CCE22562A59800B0DEC4 /* LoginViewController.swift in Sources */,
				6AA2CCBF25628E3800B0DEC4 /* ViewController.swift in Sources */,
				6AA2CCBB25628E3800B0DEC4 /* AppDelegate.swift in Sources */,
				6AA2CCBD25628E3800B0DEC4 /* SceneDelegate.swift in Sources */,
				6AA2CCDF2562A4E400B0DEC4 /* SelectPictureViewController.swift in Sources */,
				6AA2CCDC2562A11D00B0DEC4 /* SecondScreenController.swift in Sources */,
			);
			runOnlyForDeploymentPostprocessing = 0;
		};
/* End PBXSourcesBuildPhase section */

/* Begin PBXVariantGroup section */
		6AA2CCC025628E3800B0DEC4 /* Main.storyboard */ = {
			isa = PBXVariantGroup;
			children = (
				6AA2CCC125628E3800B0DEC4 /* Base */,
			);
			name = Main.storyboard;
			sourceTree = "<group>";
		};
		6AA2CCC525628E3F00B0DEC4 /* LaunchScreen.storyboard */ = {
			isa = PBXVariantGroup;
			children = (
				6AA2CCC625628E3F00B0DEC4 /* Base */,
			);
			name = LaunchScreen.storyboard;
			sourceTree = "<group>";
		};
/* End PBXVariantGroup section */

/* Begin XCBuildConfiguration section */
		6AA2CCC925628E3F00B0DEC4 /* Debug */ = {
			isa = XCBuildConfiguration;
			buildSettings = {
				ALWAYS_SEARCH_USER_PATHS = NO;
				CLANG_ANALYZER_NONNULL = YES;
				CLANG_ANALYZER_NUMBER_OBJECT_CONVERSION = YES_AGGRESSIVE;
				CLANG_CXX_LANGUAGE_STANDARD = "gnu++14";
				CLANG_CXX_LIBRARY = "libc++";
				CLANG_ENABLE_MODULES = YES;
				CLANG_ENABLE_OBJC_ARC = YES;
				CLANG_ENABLE_OBJC_WEAK = YES;
				CLANG_WARN_BLOCK_CAPTURE_AUTORELEASING = YES;
				CLANG_WARN_BOOL_CONVERSION = YES;
				CLANG_WARN_COMMA = YES;
				CLANG_WARN_CONSTANT_CONVERSION = YES;
				CLANG_WARN_DEPRECATED_OBJC_IMPLEMENTATIONS = YES;
				CLANG_WARN_DIRECT_OBJC_ISA_USAGE = YES_ERROR;
				CLANG_WARN_DOCUMENTATION_COMMENTS = YES;
				CLANG_WARN_EMPTY_BODY = YES;
				CLANG_WARN_ENUM_CONVERSION = YES;
				CLANG_WARN_INFINITE_RECURSION = YES;
				CLANG_WARN_INT_CONVERSION = YES;
				CLANG_WARN_NON_LITERAL_NULL_CONVERSION = YES;
				CLANG_WARN_OBJC_IMPLICIT_RETAIN_SELF = YES;
				CLANG_WARN_OBJC_LITERAL_CONVERSION = YES;
				CLANG_WARN_OBJC_ROOT_CLASS = YES_ERROR;
				CLANG_WARN_QUOTED_INCLUDE_IN_FRAMEWORK_HEADER = YES;
				CLANG_WARN_RANGE_LOOP_ANALYSIS = YES;
				CLANG_WARN_STRICT_PROTOTYPES = YES;
				CLANG_WARN_SUSPICIOUS_MOVE = YES;
				CLANG_WARN_UNGUARDED_AVAILABILITY = YES_AGGRESSIVE;
				CLANG_WARN_UNREACHABLE_CODE = YES;
				CLANG_WARN__DUPLICATE_METHOD_MATCH = YES;
				COPY_PHASE_STRIP = NO;
				DEBUG_INFORMATION_FORMAT = dwarf;
				ENABLE_STRICT_OBJC_MSGSEND = YES;
				ENABLE_TESTABILITY = YES;
				GCC_C_LANGUAGE_STANDARD = gnu11;
				GCC_DYNAMIC_NO_PIC = NO;
				GCC_NO_COMMON_BLOCKS = YES;
				GCC_OPTIMIZATION_LEVEL = 0;
				GCC_PREPROCESSOR_DEFINITIONS = (
					"DEBUG=1",
					"$(inherited)",
				);
				GCC_WARN_64_TO_32_BIT_CONVERSION = YES;
				GCC_WARN_ABOUT_RETURN_TYPE = YES_ERROR;
				GCC_WARN_UNDECLARED_SELECTOR = YES;
				GCC_WARN_UNINITIALIZED_AUTOS = YES_AGGRESSIVE;
				GCC_WARN_UNUSED_FUNCTION = YES;
				GCC_WARN_UNUSED_VARIABLE = YES;
				IPHONEOS_DEPLOYMENT_TARGET = 14.2;
				MTL_ENABLE_DEBUG_INFO = INCLUDE_SOURCE;
				MTL_FAST_MATH = YES;
				ONLY_ACTIVE_ARCH = YES;
				SDKROOT = iphoneos;
				SWIFT_ACTIVE_COMPILATION_CONDITIONS = DEBUG;
				SWIFT_OPTIMIZATION_LEVEL = "-Onone";
			};
			name = Debug;
		};
		6AA2CCCA25628E3F00B0DEC4 /* Release */ = {
			isa = XCBuildConfiguration;
			buildSettings = {
				ALWAYS_SEARCH_USER_PATHS = NO;
				CLANG_ANALYZER_NONNULL = YES;
				CLANG_ANALYZER_NUMBER_OBJECT_CONVERSION = YES_AGGRESSIVE;
				CLANG_CXX_LANGUAGE_STANDARD = "gnu++14";
				CLANG_CXX_LIBRARY = "libc++";
				CLANG_ENABLE_MODULES = YES;
				CLANG_ENABLE_OBJC_ARC = YES;
				CLANG_ENABLE_OBJC_WEAK = YES;
				CLANG_WARN_BLOCK_CAPTURE_AUTORELEASING = YES;
				CLANG_WARN_BOOL_CONVERSION = YES;
				CLANG_WARN_COMMA = YES;
				CLANG_WARN_CONSTANT_CONVERSION = YES;
				CLANG_WARN_DEPRECATED_OBJC_IMPLEMENTATIONS = YES;
				CLANG_WARN_DIRECT_OBJC_ISA_USAGE = YES_ERROR;
				CLANG_WARN_DOCUMENTATION_COMMENTS = YES;
				CLANG_WARN_EMPTY_BODY = YES;
				CLANG_WARN_ENUM_CONVERSION = YES;
				CLANG_WARN_INFINITE_RECURSION = YES;
				CLANG_WARN_INT_CONVERSION = YES;
				CLANG_WARN_NON_LITERAL_NULL_CONVERSION = YES;
				CLANG_WARN_OBJC_IMPLICIT_RETAIN_SELF = YES;
				CLANG_WARN_OBJC_LITERAL_CONVERSION = YES;
				CLANG_WARN_OBJC_ROOT_CLASS = YES_ERROR;
				CLANG_WARN_QUOTED_INCLUDE_IN_FRAMEWORK_HEADER = YES;
				CLANG_WARN_RANGE_LOOP_ANALYSIS = YES;
				CLANG_WARN_STRICT_PROTOTYPES = YES;
				CLANG_WARN_SUSPICIOUS_MOVE = YES;
				CLANG_WARN_UNGUARDED_AVAILABILITY = YES_AGGRESSIVE;
				CLANG_WARN_UNREACHABLE_CODE = YES;
				CLANG_WARN__DUPLICATE_METHOD_MATCH = YES;
				COPY_PHASE_STRIP = NO;
				DEBUG_INFORMATION_FORMAT = "dwarf-with-dsym";
				ENABLE_NS_ASSERTIONS = NO;
				ENABLE_STRICT_OBJC_MSGSEND = YES;
				GCC_C_LANGUAGE_STANDARD = gnu11;
				GCC_NO_COMMON_BLOCKS = YES;
				GCC_WARN_64_TO_32_BIT_CONVERSION = YES;
				GCC_WARN_ABOUT_RETURN_TYPE = YES_ERROR;
				GCC_WARN_UNDECLARED_SELECTOR = YES;
				GCC_WARN_UNINITIALIZED_AUTOS = YES_AGGRESSIVE;
				GCC_WARN_UNUSED_FUNCTION = YES;
				GCC_WARN_UNUSED_VARIABLE = YES;
				IPHONEOS_DEPLOYMENT_TARGET = 14.2;
				MTL_ENABLE_DEBUG_INFO = NO;
				MTL_FAST_MATH = YES;
				SDKROOT = iphoneos;
				SWIFT_COMPILATION_MODE = wholemodule;
				SWIFT_OPTIMIZATION_LEVEL = "-O";
				VALIDATE_PRODUCT = YES;
			};
			name = Release;
		};
		6AA2CCCC25628E3F00B0DEC4 /* Debug */ = {
			isa = XCBuildConfiguration;
			baseConfigurationReference = 9D613550E33D300AD67461FB /* Pods-Challenge.debug.xcconfig */;
			buildSettings = {
				ASSETCATALOG_COMPILER_APPICON_NAME = AppIcon;
				ASSETCATALOG_COMPILER_GLOBAL_ACCENT_COLOR_NAME = AccentColor;
				CODE_SIGN_STYLE = Automatic;
				INFOPLIST_FILE = Challenge/Info.plist;
				LD_RUNPATH_SEARCH_PATHS = (
					"$(inherited)",
					"@executable_path/Frameworks",
				);
				PRODUCT_BUNDLE_IDENTIFIER = amadou.Challenge;
				PRODUCT_NAME = "$(TARGET_NAME)";
				SWIFT_VERSION = 5.0;
				TARGETED_DEVICE_FAMILY = "1,2";
			};
			name = Debug;
		};
		6AA2CCCD25628E3F00B0DEC4 /* Release */ = {
			isa = XCBuildConfiguration;
			baseConfigurationReference = F622FCB54385F6199D1CA55A /* Pods-Challenge.release.xcconfig */;
			buildSettings = {
				ASSETCATALOG_COMPILER_APPICON_NAME = AppIcon;
				ASSETCATALOG_COMPILER_GLOBAL_ACCENT_COLOR_NAME = AccentColor;
				CODE_SIGN_STYLE = Automatic;
				INFOPLIST_FILE = Challenge/Info.plist;
				LD_RUNPATH_SEARCH_PATHS = (
					"$(inherited)",
					"@executable_path/Frameworks",
				);
				PRODUCT_BUNDLE_IDENTIFIER = amadou.Challenge;
				PRODUCT_NAME = "$(TARGET_NAME)";
				SWIFT_VERSION = 5.0;
				TARGETED_DEVICE_FAMILY = "1,2";
			};
			name = Release;
		};
/* End XCBuildConfiguration section */

/* Begin XCConfigurationList section */
		6AA2CCB225628E3800B0DEC4 /* Build configuration list for PBXProject "Challenge" */ = {
			isa = XCConfigurationList;
			buildConfigurations = (
				6AA2CCC925628E3F00B0DEC4 /* Debug */,
				6AA2CCCA25628E3F00B0DEC4 /* Release */,
			);
			defaultConfigurationIsVisible = 0;
			defaultConfigurationName = Release;
		};
		6AA2CCCB25628E3F00B0DEC4 /* Build configuration list for PBXNativeTarget "Challenge" */ = {
			isa = XCConfigurationList;
			buildConfigurations = (
				6AA2CCCC25628E3F00B0DEC4 /* Debug */,
				6AA2CCCD25628E3F00B0DEC4 /* Release */,
			);
			defaultConfigurationIsVisible = 0;
			defaultConfigurationName = Release;
		};
/* End XCConfigurationList section */
	};
	rootObject = 6AA2CCAF25628E3700B0DEC4 /* Project object */;
}
